
Microsoft Visual Studio Solution File, Format Version 12.00
# Visual Studio 14
VisualStudioVersion = 14.0.25420.1
MinimumVisualStudioVersion = 10.0.40219.1
Project("{FAE04EC0-301F-11D3-BF4B-00C04F79EFBC}") = "CsvImport", "CsvImport\CsvImport.csproj", "{992AAD9B-6255-45F3-ACA3-ED085F5D2D53}"
EndProject
Project("{FAE04EC0-301F-11D3-BF4B-00C04F79EFBC}") = "CsvImport.Console", "CsvImport.Console\CsvImport.Console.csproj", "{64B8A46D-6838-4627-A889-E1F74F766AAB}"
EndProject
Project("{FAE04EC0-301F-11D3-BF4B-00C04F79EFBC}") = "CsvImport.IntegrationTests", "CsvImport.IntegrationTests\CsvImport.IntegrationTests.csproj", "{58E4BA70-E7BD-4157-A767-53D4B91F2645}"
EndProject
Project("{FAE04EC0-301F-11D3-BF4B-00C04F79EFBC}") = "CsvImport.Wpf", "CsvImport.Wpf\CsvImport.Wpf.csproj", "{7D39333A-F764-4373-A447-72B16E955B56}"
EndProject
Global
	GlobalSection(Performance) = preSolution
		HasPerformanceSessions = true
	EndGlobalSection
	GlobalSection(SolutionConfigurationPlatforms) = preSolution
		Debug|Any CPU = Debug|Any CPU
		Release|Any CPU = Release|Any CPU
	EndGlobalSection
	GlobalSection(ProjectConfigurationPlatforms) = postSolution
		{992AAD9B-6255-45F3-ACA3-ED085F5D2D53}.Debug|Any CPU.ActiveCfg = Debug|Any CPU
		{992AAD9B-6255-45F3-ACA3-ED085F5D2D53}.Debug|Any CPU.Build.0 = Debug|Any CPU
		{992AAD9B-6255-45F3-ACA3-ED085F5D2D53}.Release|Any CPU.ActiveCfg = Release|Any CPU
		{992AAD9B-6255-45F3-ACA3-ED085F5D2D53}.Release|Any CPU.Build.0 = Release|Any CPU
		{64B8A46D-6838-4627-A889-E1F74F766AAB}.Debug|Any CPU.ActiveCfg = Debug|Any CPU
		{64B8A46D-6838-4627-A889-E1F74F766AAB}.Debug|Any CPU.Build.0 = Debug|Any CPU
		{64B8A46D-6838-4627-A889-E1F74F766AAB}.Release|Any CPU.ActiveCfg = Release|Any CPU
		{64B8A46D-6838-4627-A889-E1F74F766AAB}.Release|Any CPU.Build.0 = Release|Any CPU
		{58E4BA70-E7BD-4157-A767-53D4B91F2645}.Debug|Any CPU.ActiveCfg = Debug|Any CPU
		{58E4BA70-E7BD-4157-A767-53D4B91F2645}.Debug|Any CPU.Build.0 = Debug|Any CPU
		{58E4BA70-E7BD-4157-A767-53D4B91F2645}.Release|Any CPU.ActiveCfg = Release|Any CPU
		{58E4BA70-E7BD-4157-A767-53D4B91F2645}.Release|Any CPU.Build.0 = Release|Any CPU
		{7D39333A-F764-4373-A447-72B16E955B56}.Debug|Any CPU.ActiveCfg = Debug|Any CPU
		{7D39333A-F764-4373-A447-72B16E955B56}.Debug|Any CPU.Build.0 = Debug|Any CPU
		{7D39333A-F764-4373-A447-72B16E955B56}.Release|Any CPU.ActiveCfg = Release|Any CPU
		{7D39333A-F764-4373-A447-72B16E955B56}.Release|Any CPU.Build.0 = Release|Any CPU
	EndGlobalSection
	GlobalSection(SolutionProperties) = preSolution
		HideSolutionNode = FALSE
	EndGlobalSection
EndGlobal
